// !$*UTF8*$!
{
	archiveVersion = 1;
	classes = {
	};
	objectVersion = 50;
	objects = {

/* Begin PBXBuildFile section */
		AFE435442240379100E47E60 /* AppDelegate.swift in Sources */ = {isa = PBXBuildFile; fileRef = AFE435432240379100E47E60 /* AppDelegate.swift */; };
		AFE435492240379100E47E60 /* Main.storyboard in Resources */ = {isa = PBXBuildFile; fileRef = AFE435472240379100E47E60 /* Main.storyboard */; };
		AFE4354B2240379200E47E60 /* Assets.xcassets in Resources */ = {isa = PBXBuildFile; fileRef = AFE4354A2240379200E47E60 /* Assets.xcassets */; };
		AFE4354E2240379200E47E60 /* LaunchScreen.storyboard in Resources */ = {isa = PBXBuildFile; fileRef = AFE4354C2240379200E47E60 /* LaunchScreen.storyboard */; };
		AFE435562240381400E47E60 /* Post.swift in Sources */ = {isa = PBXBuildFile; fileRef = AFE435552240381400E47E60 /* Post.swift */; };
		AFE4355822403B0400E47E60 /* PostController.swift in Sources */ = {isa = PBXBuildFile; fileRef = AFE4355722403B0400E47E60 /* PostController.swift */; };
		AFE4355E22406FB800E47E60 /* PostListTableViewController.swift in Sources */ = {isa = PBXBuildFile; fileRef = AFE4355D22406FB800E47E60 /* PostListTableViewController.swift */; };
/* End PBXBuildFile section */

/* Begin PBXFileReference section */
		AFE435402240379100E47E60 /* Post25.app */ = {isa = PBXFileReference; explicitFileType = wrapper.application; includeInIndex = 0; path = Post25.app; sourceTree = BUILT_PRODUCTS_DIR; };
		AFE435432240379100E47E60 /* AppDelegate.swift */ = {isa = PBXFileReference; lastKnownFileType = sourcecode.swift; path = AppDelegate.swift; sourceTree = "<group>"; };
		AFE435482240379100E47E60 /* Base */ = {isa = PBXFileReference; lastKnownFileType = file.storyboard; name = Base; path = Base.lproj/Main.storyboard; sourceTree = "<group>"; };
		AFE4354A2240379200E47E60 /* Assets.xcassets */ = {isa = PBXFileReference; lastKnownFileType = folder.assetcatalog; path = Assets.xcassets; sourceTree = "<group>"; };
		AFE4354D2240379200E47E60 /* Base */ = {isa = PBXFileReference; lastKnownFileType = file.storyboard; name = Base; path = Base.lproj/LaunchScreen.storyboard; sourceTree = "<group>"; };
		AFE4354F2240379200E47E60 /* Info.plist */ = {isa = PBXFileReference; lastKnownFileType = text.plist.xml; path = Info.plist; sourceTree = "<group>"; };
		AFE435552240381400E47E60 /* Post.swift */ = {isa = PBXFileReference; lastKnownFileType = sourcecode.swift; path = Post.swift; sourceTree = "<group>"; };
		AFE4355722403B0400E47E60 /* PostController.swift */ = {isa = PBXFileReference; lastKnownFileType = sourcecode.swift; path = PostController.swift; sourceTree = "<group>"; };
		AFE4355D22406FB800E47E60 /* PostListTableViewController.swift */ = {isa = PBXFileReference; lastKnownFileType = sourcecode.swift; path = PostListTableViewController.swift; sourceTree = "<group>"; };
/* End PBXFileReference section */

/* Begin PBXFrameworksBuildPhase section */
		AFE4353D2240379100E47E60 /* Frameworks */ = {
			isa = PBXFrameworksBuildPhase;
			buildActionMask = 2147483647;
			files = (
			);
			runOnlyForDeploymentPostprocessing = 0;
		};
/* End PBXFrameworksBuildPhase section */

/* Begin PBXGroup section */
		AFE435372240379100E47E60 = {
			isa = PBXGroup;
			children = (
				AFE435422240379100E47E60 /* Post25 */,
				AFE435412240379100E47E60 /* Products */,
			);
			sourceTree = "<group>";
		};
		AFE435412240379100E47E60 /* Products */ = {
			isa = PBXGroup;
			children = (
				AFE435402240379100E47E60 /* Post25.app */,
			);
			name = Products;
			sourceTree = "<group>";
		};
		AFE435422240379100E47E60 /* Post25 */ = {
			isa = PBXGroup;
			children = (
				AFE4355922403F9800E47E60 /* Models */,
				AFE4355A22403F9F00E47E60 /* Model Controllers */,
				AFE4355F22406FBD00E47E60 /* View Controllers */,
				AFE4355C22403FC100E47E60 /* Storyboards */,
				AFE4355B22403FB500E47E60 /* Resources */,
			);
			path = Post25;
			sourceTree = "<group>";
		};
		AFE4355922403F9800E47E60 /* Models */ = {
			isa = PBXGroup;
			children = (
				AFE435552240381400E47E60 /* Post.swift */,
			);
			path = Models;
			sourceTree = "<group>";
		};
		AFE4355A22403F9F00E47E60 /* Model Controllers */ = {
			isa = PBXGroup;
			children = (
				AFE4355722403B0400E47E60 /* PostController.swift */,
			);
			path = "Model Controllers";
			sourceTree = "<group>";
		};
		AFE4355B22403FB500E47E60 /* Resources */ = {
			isa = PBXGroup;
			children = (
				AFE435432240379100E47E60 /* AppDelegate.swift */,
				AFE4354A2240379200E47E60 /* Assets.xcassets */,
				AFE4354C2240379200E47E60 /* LaunchScreen.storyboard */,
				AFE4354F2240379200E47E60 /* Info.plist */,
			);
			path = Resources;
			sourceTree = "<group>";
		};
		AFE4355C22403FC100E47E60 /* Storyboards */ = {
			isa = PBXGroup;
			children = (
				AFE435472240379100E47E60 /* Main.storyboard */,
			);
			path = Storyboards;
			sourceTree = "<group>";
		};
		AFE4355F22406FBD00E47E60 /* View Controllers */ = {
			isa = PBXGroup;
			children = (
				AFE4355D22406FB800E47E60 /* PostListTableViewController.swift */,
			);
			path = "View Controllers";
			sourceTree = "<group>";
		};
/* End PBXGroup section */

/* Begin PBXNativeTarget section */
		AFE4353F2240379100E47E60 /* Post25 */ = {
			isa = PBXNativeTarget;
			buildConfigurationList = AFE435522240379200E47E60 /* Build configuration list for PBXNativeTarget "Post25" */;
			buildPhases = (
				AFE4353C2240379100E47E60 /* Sources */,
				AFE4353D2240379100E47E60 /* Frameworks */,
				AFE4353E2240379100E47E60 /* Resources */,
			);
			buildRules = (
			);
			dependencies = (
			);
			name = Post25;
			productName = Post25;
			productReference = AFE435402240379100E47E60 /* Post25.app */;
			productType = "com.apple.product-type.application";
		};
/* End PBXNativeTarget section */

/* Begin PBXProject section */
		AFE435382240379100E47E60 /* Project object */ = {
			isa = PBXProject;
			attributes = {
				LastSwiftUpdateCheck = 1010;
				LastUpgradeCheck = 1010;
				ORGANIZATIONNAME = "Hannah Hoff";
				TargetAttributes = {
					AFE4353F2240379100E47E60 = {
						CreatedOnToolsVersion = 10.1;
					};
				};
			};
			buildConfigurationList = AFE4353B2240379100E47E60 /* Build configuration list for PBXProject "Post25" */;
			compatibilityVersion = "Xcode 9.3";
			developmentRegion = en;
			hasScannedForEncodings = 0;
			knownRegions = (
				en,
				Base,
			);
			mainGroup = AFE435372240379100E47E60;
			productRefGroup = AFE435412240379100E47E60 /* Products */;
			projectDirPath = "";
			projectRoot = "";
			targets = (
				AFE4353F2240379100E47E60 /* Post25 */,
			);
		};
/* End PBXProject section */

/* Begin PBXResourcesBuildPhase section */
		AFE4353E2240379100E47E60 /* Resources */ = {
			isa = PBXResourcesBuildPhase;
			buildActionMask = 2147483647;
			files = (
				AFE4354E2240379200E47E60 /* LaunchScreen.storyboard in Resources */,
				AFE4354B2240379200E47E60 /* Assets.xcassets in Resources */,
				AFE435492240379100E47E60 /* Main.storyboard in Resources */,
			);
			runOnlyForDeploymentPostprocessing = 0;
		};
/* End PBXResourcesBuildPhase section */

/* Begin PBXSourcesBuildPhase section */
		AFE4353C2240379100E47E60 /* Sources */ = {
			isa = PBXSourcesBuildPhase;
			buildActionMask = 2147483647;
			files = (
				AFE435442240379100E47E60 /* AppDelegate.swift in Sources */,
				AFE435562240381400E47E60 /* Post.swift in Sources */,
				AFE4355822403B0400E47E60 /* PostController.swift in Sources */,
				AFE4355E22406FB800E47E60 /* PostListTableViewController.swift in Sources */,
			);
			runOnlyForDeploymentPostprocessing = 0;
		};
/* End PBXSourcesBuildPhase section */

/* Begin PBXVariantGroup section */
		AFE435472240379100E47E60 /* Main.storyboard */ = {
			isa = PBXVariantGroup;
			children = (
				AFE435482240379100E47E60 /* Base */,
			);
			name = Main.storyboard;
			sourceTree = "<group>";
		};
		AFE4354C2240379200E47E60 /* LaunchScreen.storyboard */ = {
			isa = PBXVariantGroup;
			children = (
				AFE4354D2240379200E47E60 /* Base */,
			);
			name = LaunchScreen.storyboard;
			sourceTree = "<group>";
		};
/* End PBXVariantGroup section */

/* Begin XCBuildConfiguration section */
		AFE435502240379200E47E60 /* Debug */ = {
			isa = XCBuildConfiguration;
			buildSettings = {
				ALWAYS_SEARCH_USER_PATHS = NO;
				CLANG_ANALYZER_NONNULL = YES;
				CLANG_ANALYZER_NUMBER_OBJECT_CONVERSION = YES_AGGRESSIVE;
				CLANG_CXX_LANGUAGE_STANDARD = "gnu++14";
				CLANG_CXX_LIBRARY = "libc++";
				CLANG_ENABLE_MODULES = YES;
				CLANG_ENABLE_OBJC_ARC = YES;
				CLANG_ENABLE_OBJC_WEAK = YES;
				CLANG_WARN_BLOCK_CAPTURE_AUTORELEASING = YES;
				CLANG_WARN_BOOL_CONVERSION = YES;
				CLANG_WARN_COMMA = YES;
				CLANG_WARN_CONSTANT_CONVERSION = YES;
				CLANG_WARN_DEPRECATED_OBJC_IMPLEMENTATIONS = YES;
				CLANG_WARN_DIRECT_OBJC_ISA_USAGE = YES_ERROR;
				CLANG_WARN_DOCUMENTATION_COMMENTS = YES;
				CLANG_WARN_EMPTY_BODY = YES;
				CLANG_WARN_ENUM_CONVERSION = YES;
				CLANG_WARN_INFINITE_RECURSION = YES;
				CLANG_WARN_INT_CONVERSION = YES;
				CLANG_WARN_NON_LITERAL_NULL_CONVERSION = YES;
				CLANG_WARN_OBJC_IMPLICIT_RETAIN_SELF = YES;
				CLANG_WARN_OBJC_LITERAL_CONVERSION = YES;
				CLANG_WARN_OBJC_ROOT_CLASS = YES_ERROR;
				CLANG_WARN_RANGE_LOOP_ANALYSIS = YES;
				CLANG_WARN_STRICT_PROTOTYPES = YES;
				CLANG_WARN_SUSPICIOUS_MOVE = YES;
				CLANG_WARN_UNGUARDED_AVAILABILITY = YES_AGGRESSIVE;
				CLANG_WARN_UNREACHABLE_CODE = YES;
				CLANG_WARN__DUPLICATE_METHOD_MATCH = YES;
				CODE_SIGN_IDENTITY = "iPhone Developer";
				COPY_PHASE_STRIP = NO;
				DEBUG_INFORMATION_FORMAT = dwarf;
				ENABLE_STRICT_OBJC_MSGSEND = YES;
				ENABLE_TESTABILITY = YES;
				GCC_C_LANGUAGE_STANDARD = gnu11;
				GCC_DYNAMIC_NO_PIC = NO;
				GCC_NO_COMMON_BLOCKS = YES;
				GCC_OPTIMIZATION_LEVEL = 0;
				GCC_PREPROCESSOR_DEFINITIONS = (
					"DEBUG=1",
					"$(inherited)",
				);
				GCC_WARN_64_TO_32_BIT_CONVERSION = YES;
				GCC_WARN_ABOUT_RETURN_TYPE = YES_ERROR;
				GCC_WARN_UNDECLARED_SELECTOR = YES;
				GCC_WARN_UNINITIALIZED_AUTOS = YES_AGGRESSIVE;
				GCC_WARN_UNUSED_FUNCTION = YES;
				GCC_WARN_UNUSED_VARIABLE = YES;
				IPHONEOS_DEPLOYMENT_TARGET = 12.1;
				MTL_ENABLE_DEBUG_INFO = INCLUDE_SOURCE;
				MTL_FAST_MATH = YES;
				ONLY_ACTIVE_ARCH = YES;
				SDKROOT = iphoneos;
				SWIFT_ACTIVE_COMPILATION_CONDITIONS = DEBUG;
				SWIFT_OPTIMIZATION_LEVEL = "-Onone";
			};
			name = Debug;
		};
		AFE435512240379200E47E60 /* Release */ = {
			isa = XCBuildConfiguration;
			buildSettings = {
				ALWAYS_SEARCH_USER_PATHS = NO;
				CLANG_ANALYZER_NONNULL = YES;
				CLANG_ANALYZER_NUMBER_OBJECT_CONVERSION = YES_AGGRESSIVE;
				CLANG_CXX_LANGUAGE_STANDARD = "gnu++14";
				CLANG_CXX_LIBRARY = "libc++";
				CLANG_ENABLE_MODULES = YES;
				CLANG_ENABLE_OBJC_ARC = YES;
				CLANG_ENABLE_OBJC_WEAK = YES;
				CLANG_WARN_BLOCK_CAPTURE_AUTORELEASING = YES;
				CLANG_WARN_BOOL_CONVERSION = YES;
				CLANG_WARN_COMMA = YES;
				CLANG_WARN_CONSTANT_CONVERSION = YES;
				CLANG_WARN_DEPRECATED_OBJC_IMPLEMENTATIONS = YES;
				CLANG_WARN_DIRECT_OBJC_ISA_USAGE = YES_ERROR;
				CLANG_WARN_DOCUMENTATION_COMMENTS = YES;
				CLANG_WARN_EMPTY_BODY = YES;
				CLANG_WARN_ENUM_CONVERSION = YES;
				CLANG_WARN_INFINITE_RECURSION = YES;
				CLANG_WARN_INT_CONVERSION = YES;
				CLANG_WARN_NON_LITERAL_NULL_CONVERSION = YES;
				CLANG_WARN_OBJC_IMPLICIT_RETAIN_SELF = YES;
				CLANG_WARN_OBJC_LITERAL_CONVERSION = YES;
				CLANG_WARN_OBJC_ROOT_CLASS = YES_ERROR;
				CLANG_WARN_RANGE_LOOP_ANALYSIS = YES;
				CLANG_WARN_STRICT_PROTOTYPES = YES;
				CLANG_WARN_SUSPICIOUS_MOVE = YES;
				CLANG_WARN_UNGUARDED_AVAILABILITY = YES_AGGRESSIVE;
				CLANG_WARN_UNREACHABLE_CODE = YES;
				CLANG_WARN__DUPLICATE_METHOD_MATCH = YES;
				CODE_SIGN_IDENTITY = "iPhone Developer";
				COPY_PHASE_STRIP = NO;
				DEBUG_INFORMATION_FORMAT = "dwarf-with-dsym";
				ENABLE_NS_ASSERTIONS = NO;
				ENABLE_STRICT_OBJC_MSGSEND = YES;
				GCC_C_LANGUAGE_STANDARD = gnu11;
				GCC_NO_COMMON_BLOCKS = YES;
				GCC_WARN_64_TO_32_BIT_CONVERSION = YES;
				GCC_WARN_ABOUT_RETURN_TYPE = YES_ERROR;
				GCC_WARN_UNDECLARED_SELECTOR = YES;
				GCC_WARN_UNINITIALIZED_AUTOS = YES_AGGRESSIVE;
				GCC_WARN_UNUSED_FUNCTION = YES;
				GCC_WARN_UNUSED_VARIABLE = YES;
				IPHONEOS_DEPLOYMENT_TARGET = 12.1;
				MTL_ENABLE_DEBUG_INFO = NO;
				MTL_FAST_MATH = YES;
				SDKROOT = iphoneos;
				SWIFT_COMPILATION_MODE = wholemodule;
				SWIFT_OPTIMIZATION_LEVEL = "-O";
				VALIDATE_PRODUCT = YES;
			};
			name = Release;
		};
		AFE435532240379200E47E60 /* Debug */ = {
			isa = XCBuildConfiguration;
			buildSettings = {
				ASSETCATALOG_COMPILER_APPICON_NAME = AppIcon;
				CODE_SIGN_STYLE = Automatic;
				DEVELOPMENT_TEAM = L5VMA54SBQ;
				INFOPLIST_FILE = "$(SRCROOT)/Post25/Resources/Info.plist";
				LD_RUNPATH_SEARCH_PATHS = (
					"$(inherited)",
					"@executable_path/Frameworks",
				);
				PRODUCT_BUNDLE_IDENTIFIER = com.hannahhoff.Post25;
				PRODUCT_NAME = "$(TARGET_NAME)";
				SWIFT_VERSION = 4.2;
				TARGETED_DEVICE_FAMILY = "1,2";
			};
			name = Debug;
		};
		AFE435542240379200E47E60 /* Release */ = {
			isa = XCBuildConfiguration;
			buildSettings = {
				ASSETCATALOG_COMPILER_APPICON_NAME = AppIcon;
				CODE_SIGN_STYLE = Automatic;
				DEVELOPMENT_TEAM = L5VMA54SBQ;
				INFOPLIST_FILE = "$(SRCROOT)/Post25/Resources/Info.plist";
				LD_RUNPATH_SEARCH_PATHS = (
					"$(inherited)",
					"@executable_path/Frameworks",
				);
				PRODUCT_BUNDLE_IDENTIFIER = com.hannahhoff.Post25;
				PRODUCT_NAME = "$(TARGET_NAME)";
				SWIFT_VERSION = 4.2;
				TARGETED_DEVICE_FAMILY = "1,2";
			};
			name = Release;
		};
/* End XCBuildConfiguration section */

/* Begin XCConfigurationList section */
		AFE4353B2240379100E47E60 /* Build configuration list for PBXProject "Post25" */ = {
			isa = XCConfigurationList;
			buildConfigurations = (
				AFE435502240379200E47E60 /* Debug */,
				AFE435512240379200E47E60 /* Release */,
			);
			defaultConfigurationIsVisible = 0;
			defaultConfigurationName = Release;
		};
		AFE435522240379200E47E60 /* Build configuration list for PBXNativeTarget "Post25" */ = {
			isa = XCConfigurationList;
			buildConfigurations = (
				AFE435532240379200E47E60 /* Debug */,
				AFE435542240379200E47E60 /* Release */,
			);
			defaultConfigurationIsVisible = 0;
			defaultConfigurationName = Release;
		};
/* End XCConfigurationList section */
	};
	rootObject = AFE435382240379100E47E60 /* Project object */;
}
